Microsoft Visual Studio Solution File, Format Version 12.00
# Visual Studio Version 16
VisualStudioVersion = 16.0.0.0
MinimumVisualStudioVersion = 16.0.0.0
Project("{9A19103F-16F7-4668-BE54-9A1E7A4F7556}") = "Extra.Server", "Server\Extra.Server.csproj", "{E3B2482E-A3E9-4F44-914D-46E76E0C0B7F}"
EndProject
Project("{9A19103F-16F7-4668-BE54-9A1E7A4F7556}") = "Extra.Client", "Client\Extra.Client.csproj", "{F6CC434F-C525-438B-BA33-24A6F8C3BB9A}"
EndProject
Project("{9A19103F-16F7-4668-BE54-9A1E7A4F7556}") = "Extra.Shared", "Shared\Extra.Shared.csproj", "{FE73E389-7BCA-4971-A162-E83333B32A6D}"
EndProject
Global
	GlobalSection(SolutionConfigurationPlatforms) = preSolution
		Debug|Any CPU = Debug|Any CPU
		Debug|x64 = Debug|x64
		Debug|x86 = Debug|x86
		Release|Any CPU = Release|Any CPU
		Release|x64 = Release|x64
		Release|x86 = Release|x86
	EndGlobalSection
	GlobalSection(ProjectConfigurationPlatforms) = postSolution
		{F6CC434F-C525-438B-BA33-24A6F8C3BB9A}.Debug|Any CPU.ActiveCfg = Debug|Any CPU
		{F6CC434F-C525-438B-BA33-24A6F8C3BB9A}.Debug|Any CPU.Build.0 = Debug|Any CPU
		{F6CC434F-C525-438B-BA33-24A6F8C3BB9A}.Debug|x64.ActiveCfg = Debug|Any CPU
		{F6CC434F-C525-438B-BA33-24A6F8C3BB9A}.Debug|x64.Build.0 = Debug|Any CPU
		{F6CC434F-C525-438B-BA33-24A6F8C3BB9A}.Debug|x86.ActiveCfg = Debug|Any CPU
		{F6CC434F-C525-438B-BA33-24A6F8C3BB9A}.Debug|x86.Build.0 = Debug|Any CPU
		{F6CC434F-C525-438B-BA33-24A6F8C3BB9A}.Release|Any CPU.ActiveCfg = Release|Any CPU
		{F6CC434F-C525-438B-BA33-24A6F8C3BB9A}.Release|Any CPU.Build.0 = Release|Any CPU
		{F6CC434F-C525-438B-BA33-24A6F8C3BB9A}.Release|x64.ActiveCfg = Release|Any CPU
		{F6CC434F-C525-438B-BA33-24A6F8C3BB9A}.Release|x64.Build.0 = Release|Any CPU
		{F6CC434F-C525-438B-BA33-24A6F8C3BB9A}.Release|x86.ActiveCfg = Release|Any CPU
		{F6CC434F-C525-438B-BA33-24A6F8C3BB9A}.Release|x86.Build.0 = Release|Any CPU
		{E3B2482E-A3E9-4F44-914D-46E76E0C0B7F}.Debug|Any CPU.ActiveCfg = Debug|Any CPU
		{E3B2482E-A3E9-4F44-914D-46E76E0C0B7F}.Debug|Any CPU.Build.0 = Debug|Any CPU
		{E3B2482E-A3E9-4F44-914D-46E76E0C0B7F}.Debug|x64.ActiveCfg = Debug|Any CPU
		{E3B2482E-A3E9-4F44-914D-46E76E0C0B7F}.Debug|x64.Build.0 = Debug|Any CPU
		{E3B2482E-A3E9-4F44-914D-46E76E0C0B7F}.Debug|x86.ActiveCfg = Debug|Any CPU
		{E3B2482E-A3E9-4F44-914D-46E76E0C0B7F}.Debug|x86.Build.0 = Debug|Any CPU
		{E3B2482E-A3E9-4F44-914D-46E76E0C0B7F}.Release|Any CPU.ActiveCfg = Release|Any CPU
		{E3B2482E-A3E9-4F44-914D-46E76E0C0B7F}.Release|Any CPU.Build.0 = Release|Any CPU
		{E3B2482E-A3E9-4F44-914D-46E76E0C0B7F}.Release|x64.ActiveCfg = Release|Any CPU
		{E3B2482E-A3E9-4F44-914D-46E76E0C0B7F}.Release|x64.Build.0 = Release|Any CPU
		{E3B2482E-A3E9-4F44-914D-46E76E0C0B7F}.Release|x86.ActiveCfg = Release|Any CPU
		{E3B2482E-A3E9-4F44-914D-46E76E0C0B7F}.Release|x86.Build.0 = Release|Any CPU
		{FE73E389-7BCA-4971-A162-E83333B32A6D}.Debug|Any CPU.ActiveCfg = Debug|Any CPU
		{FE73E389-7BCA-4971-A162-E83333B32A6D}.Debug|Any CPU.Build.0 = Debug|Any CPU
		{FE73E389-7BCA-4971-A162-E83333B32A6D}.Debug|x64.ActiveCfg = Debug|Any CPU
		{FE73E389-7BCA-4971-A162-E83333B32A6D}.Debug|x64.Build.0 = Debug|Any CPU
		{FE73E389-7BCA-4971-A162-E83333B32A6D}.Debug|x86.ActiveCfg = Debug|Any CPU
		{FE73E389-7BCA-4971-A162-E83333B32A6D}.Debug|x86.Build.0 = Debug|Any CPU
		{FE73E389-7BCA-4971-A162-E83333B32A6D}.Release|Any CPU.ActiveCfg = Release|Any CPU
		{FE73E389-7BCA-4971-A162-E83333B32A6D}.Release|Any CPU.Build.0 = Release|Any CPU
		{FE73E389-7BCA-4971-A162-E83333B32A6D}.Release|x64.ActiveCfg = Release|Any CPU
		{FE73E389-7BCA-4971-A162-E83333B32A6D}.Release|x64.Build.0 = Release|Any CPU
		{FE73E389-7BCA-4971-A162-E83333B32A6D}.Release|x86.ActiveCfg = Release|Any CPU
		{FE73E389-7BCA-4971-A162-E83333B32A6D}.Release|x86.Build.0 = Release|Any CPU
	EndGlobalSection
	GlobalSection(SolutionProperties) = preSolution
		HideSolutionNode = FALSE
	EndGlobalSection
	GlobalSection(ExtensibilityGlobals) = postSolution
		SolutionGuid = {57CEE281-5160-4A12-A4F7-06370CEBFBF0}
	EndGlobalSection
EndGlobal