Microsoft Visual Studio Solution File, Format Version 12.00
# Visual Studio Version 16
VisualStudioVersion = 16.0.0.0
MinimumVisualStudioVersion = 16.0.0.0
Project("{9A19103F-16F7-4668-BE54-9A1E7A4F7556}") = "ExamenParcial2.Server", "Server\ExamenParcial2.Server.csproj", "{9FCD2A89-A9E2-4E59-B77C-197D4F20D59E}"
EndProject
Project("{9A19103F-16F7-4668-BE54-9A1E7A4F7556}") = "ExamenParcial2.Client", "Client\ExamenParcial2.Client.csproj", "{368C2BC4-298C-49E8-9350-3CFB75A398B4}"
EndProject
Project("{9A19103F-16F7-4668-BE54-9A1E7A4F7556}") = "ExamenParcial2.Shared", "Shared\ExamenParcial2.Shared.csproj", "{281DD5DA-643D-4E88-A19F-44DEDE896B70}"
EndProject
Global
	GlobalSection(SolutionConfigurationPlatforms) = preSolution
		Debug|Any CPU = Debug|Any CPU
		Debug|x64 = Debug|x64
		Debug|x86 = Debug|x86
		Release|Any CPU = Release|Any CPU
		Release|x64 = Release|x64
		Release|x86 = Release|x86
	EndGlobalSection
	GlobalSection(ProjectConfigurationPlatforms) = postSolution
		{368C2BC4-298C-49E8-9350-3CFB75A398B4}.Debug|Any CPU.ActiveCfg = Debug|Any CPU
		{368C2BC4-298C-49E8-9350-3CFB75A398B4}.Debug|Any CPU.Build.0 = Debug|Any CPU
		{368C2BC4-298C-49E8-9350-3CFB75A398B4}.Debug|x64.ActiveCfg = Debug|Any CPU
		{368C2BC4-298C-49E8-9350-3CFB75A398B4}.Debug|x64.Build.0 = Debug|Any CPU
		{368C2BC4-298C-49E8-9350-3CFB75A398B4}.Debug|x86.ActiveCfg = Debug|Any CPU
		{368C2BC4-298C-49E8-9350-3CFB75A398B4}.Debug|x86.Build.0 = Debug|Any CPU
		{368C2BC4-298C-49E8-9350-3CFB75A398B4}.Release|Any CPU.ActiveCfg = Release|Any CPU
		{368C2BC4-298C-49E8-9350-3CFB75A398B4}.Release|Any CPU.Build.0 = Release|Any CPU
		{368C2BC4-298C-49E8-9350-3CFB75A398B4}.Release|x64.ActiveCfg = Release|Any CPU
		{368C2BC4-298C-49E8-9350-3CFB75A398B4}.Release|x64.Build.0 = Release|Any CPU
		{368C2BC4-298C-49E8-9350-3CFB75A398B4}.Release|x86.ActiveCfg = Release|Any CPU
		{368C2BC4-298C-49E8-9350-3CFB75A398B4}.Release|x86.Build.0 = Release|Any CPU
		{9FCD2A89-A9E2-4E59-B77C-197D4F20D59E}.Debug|Any CPU.ActiveCfg = Debug|Any CPU
		{9FCD2A89-A9E2-4E59-B77C-197D4F20D59E}.Debug|Any CPU.Build.0 = Debug|Any CPU
		{9FCD2A89-A9E2-4E59-B77C-197D4F20D59E}.Debug|x64.ActiveCfg = Debug|Any CPU
		{9FCD2A89-A9E2-4E59-B77C-197D4F20D59E}.Debug|x64.Build.0 = Debug|Any CPU
		{9FCD2A89-A9E2-4E59-B77C-197D4F20D59E}.Debug|x86.ActiveCfg = Debug|Any CPU
		{9FCD2A89-A9E2-4E59-B77C-197D4F20D59E}.Debug|x86.Build.0 = Debug|Any CPU
		{9FCD2A89-A9E2-4E59-B77C-197D4F20D59E}.Release|Any CPU.ActiveCfg = Release|Any CPU
		{9FCD2A89-A9E2-4E59-B77C-197D4F20D59E}.Release|Any CPU.Build.0 = Release|Any CPU
		{9FCD2A89-A9E2-4E59-B77C-197D4F20D59E}.Release|x64.ActiveCfg = Release|Any CPU
		{9FCD2A89-A9E2-4E59-B77C-197D4F20D59E}.Release|x64.Build.0 = Release|Any CPU
		{9FCD2A89-A9E2-4E59-B77C-197D4F20D59E}.Release|x86.ActiveCfg = Release|Any CPU
		{9FCD2A89-A9E2-4E59-B77C-197D4F20D59E}.Release|x86.Build.0 = Release|Any CPU
		{281DD5DA-643D-4E88-A19F-44DEDE896B70}.Debug|Any CPU.ActiveCfg = Debug|Any CPU
		{281DD5DA-643D-4E88-A19F-44DEDE896B70}.Debug|Any CPU.Build.0 = Debug|Any CPU
		{281DD5DA-643D-4E88-A19F-44DEDE896B70}.Debug|x64.ActiveCfg = Debug|Any CPU
		{281DD5DA-643D-4E88-A19F-44DEDE896B70}.Debug|x64.Build.0 = Debug|Any CPU
		{281DD5DA-643D-4E88-A19F-44DEDE896B70}.Debug|x86.ActiveCfg = Debug|Any CPU
		{281DD5DA-643D-4E88-A19F-44DEDE896B70}.Debug|x86.Build.0 = Debug|Any CPU
		{281DD5DA-643D-4E88-A19F-44DEDE896B70}.Release|Any CPU.ActiveCfg = Release|Any CPU
		{281DD5DA-643D-4E88-A19F-44DEDE896B70}.Release|Any CPU.Build.0 = Release|Any CPU
		{281DD5DA-643D-4E88-A19F-44DEDE896B70}.Release|x64.ActiveCfg = Release|Any CPU
		{281DD5DA-643D-4E88-A19F-44DEDE896B70}.Release|x64.Build.0 = Release|Any CPU
		{281DD5DA-643D-4E88-A19F-44DEDE896B70}.Release|x86.ActiveCfg = Release|Any CPU
		{281DD5DA-643D-4E88-A19F-44DEDE896B70}.Release|x86.Build.0 = Release|Any CPU
	EndGlobalSection
	GlobalSection(SolutionProperties) = preSolution
		HideSolutionNode = FALSE
	EndGlobalSection
	GlobalSection(ExtensibilityGlobals) = postSolution
		SolutionGuid = {6470A973-CE48-4758-9E24-6D4E24A914F3}
	EndGlobalSection
EndGlobal